
Microsoft Visual Studio Solution File, Format Version 12.00
# Visual Studio Version 17
VisualStudioVersion = 17.4.33205.214
MinimumVisualStudioVersion = 10.0.40219.1
Project("{FAE04EC0-301F-11D3-BF4B-00C04F79EFBC}") = "Testing for ineritance", "Testing for ineritance\Testing for ineritance.csproj", "{3A7C23AB-36F6-4BC1-A4E2-43AD5559339B}"
EndProject
Global
	GlobalSection(SolutionConfigurationPlatforms) = preSolution
		Debug|Any CPU = Debug|Any CPU
		Release|Any CPU = Release|Any CPU
	EndGlobalSection
	GlobalSection(ProjectConfigurationPlatforms) = postSolution
		{3A7C23AB-36F6-4BC1-A4E2-43AD5559339B}.Debug|Any CPU.ActiveCfg = Debug|Any CPU
		{3A7C23AB-36F6-4BC1-A4E2-43AD5559339B}.Debug|Any CPU.Build.0 = Debug|Any CPU
		{3A7C23AB-36F6-4BC1-A4E2-43AD5559339B}.Release|Any CPU.ActiveCfg = Release|Any CPU
		{3A7C23AB-36F6-4BC1-A4E2-43AD5559339B}.Release|Any CPU.Build.0 = Release|Any CPU
	EndGlobalSection
	GlobalSection(SolutionProperties) = preSolution
		HideSolutionNode = FALSE
	EndGlobalSection
	GlobalSection(ExtensibilityGlobals) = postSolution
		SolutionGuid = {ADB6AE51-FC3E-4090-BCF0-7C7B51735663}
	EndGlobalSection
EndGlobal
