
Microsoft Visual Studio Solution File, Format Version 12.00
# Visual Studio Version 17
VisualStudioVersion = 17.4.33205.214
MinimumVisualStudioVersion = 10.0.40219.1
Project("{FAE04EC0-301F-11D3-BF4B-00C04F79EFBC}") = "ConsoleApp1", "ConsoleApp1\ConsoleApp1.csproj", "{99CD442E-BDF0-418E-8C31-B8B3ED8D053B}"
EndProject
Global
	GlobalSection(SolutionConfigurationPlatforms) = preSolution
		Debug|Any CPU = Debug|Any CPU
		Release|Any CPU = Release|Any CPU
	EndGlobalSection
	GlobalSection(ProjectConfigurationPlatforms) = postSolution
		{99CD442E-BDF0-418E-8C31-B8B3ED8D053B}.Debug|Any CPU.ActiveCfg = Debug|Any CPU
		{99CD442E-BDF0-418E-8C31-B8B3ED8D053B}.Debug|Any CPU.Build.0 = Debug|Any CPU
		{99CD442E-BDF0-418E-8C31-B8B3ED8D053B}.Release|Any CPU.ActiveCfg = Release|Any CPU
		{99CD442E-BDF0-418E-8C31-B8B3ED8D053B}.Release|Any CPU.Build.0 = Release|Any CPU
	EndGlobalSection
	GlobalSection(SolutionProperties) = preSolution
		HideSolutionNode = FALSE
	EndGlobalSection
	GlobalSection(ExtensibilityGlobals) = postSolution
		SolutionGuid = {2DAE90CC-2178-43F2-8E6A-8D886F2A47AB}
	EndGlobalSection
EndGlobal
