
Microsoft Visual Studio Solution File, Format Version 12.00
# Visual Studio Version 17
VisualStudioVersion = 17.4.33205.214
MinimumVisualStudioVersion = 10.0.40219.1
Project("{FAE04EC0-301F-11D3-BF4B-00C04F79EFBC}") = "Inheitance for Author class", "Inheitance for Author class\Inheitance for Author class.csproj", "{38B59F35-E1E4-4FF2-BD47-E8BCD3550D47}"
EndProject
Global
	GlobalSection(SolutionConfigurationPlatforms) = preSolution
		Debug|Any CPU = Debug|Any CPU
		Release|Any CPU = Release|Any CPU
	EndGlobalSection
	GlobalSection(ProjectConfigurationPlatforms) = postSolution
		{38B59F35-E1E4-4FF2-BD47-E8BCD3550D47}.Debug|Any CPU.ActiveCfg = Debug|Any CPU
		{38B59F35-E1E4-4FF2-BD47-E8BCD3550D47}.Debug|Any CPU.Build.0 = Debug|Any CPU
		{38B59F35-E1E4-4FF2-BD47-E8BCD3550D47}.Release|Any CPU.ActiveCfg = Release|Any CPU
		{38B59F35-E1E4-4FF2-BD47-E8BCD3550D47}.Release|Any CPU.Build.0 = Release|Any CPU
	EndGlobalSection
	GlobalSection(SolutionProperties) = preSolution
		HideSolutionNode = FALSE
	EndGlobalSection
	GlobalSection(ExtensibilityGlobals) = postSolution
		SolutionGuid = {820CEB2C-AC22-46D9-82D5-AD0CA304E27B}
	EndGlobalSection
EndGlobal
