
Microsoft Visual Studio Solution File, Format Version 12.00
# Visual Studio Version 17
VisualStudioVersion = 17.3.32825.248
MinimumVisualStudioVersion = 10.0.40219.1
Project("{FAE04EC0-301F-11D3-BF4B-00C04F79EFBC}") = "KeyPadByUsingFunction", "KeyPadByUsingFunction\KeyPadByUsingFunction.csproj", "{6BDE464D-A52A-4496-A01C-5A9CD9FEA97B}"
EndProject
Global
	GlobalSection(SolutionConfigurationPlatforms) = preSolution
		Debug|Any CPU = Debug|Any CPU
		Release|Any CPU = Release|Any CPU
	EndGlobalSection
	GlobalSection(ProjectConfigurationPlatforms) = postSolution
		{6BDE464D-A52A-4496-A01C-5A9CD9FEA97B}.Debug|Any CPU.ActiveCfg = Debug|Any CPU
		{6BDE464D-A52A-4496-A01C-5A9CD9FEA97B}.Debug|Any CPU.Build.0 = Debug|Any CPU
		{6BDE464D-A52A-4496-A01C-5A9CD9FEA97B}.Release|Any CPU.ActiveCfg = Release|Any CPU
		{6BDE464D-A52A-4496-A01C-5A9CD9FEA97B}.Release|Any CPU.Build.0 = Release|Any CPU
	EndGlobalSection
	GlobalSection(SolutionProperties) = preSolution
		HideSolutionNode = FALSE
	EndGlobalSection
	GlobalSection(ExtensibilityGlobals) = postSolution
		SolutionGuid = {F6BA18AF-6FE0-460F-A4ED-09D7B859A41C}
	EndGlobalSection
EndGlobal
